
Microsoft Visual Studio Solution File, Format Version 12.00
# Visual Studio Version 17
VisualStudioVersion = 17.9.34701.34
MinimumVisualStudioVersion = 10.0.40219.1
Project("{FAE04EC0-301F-11D3-BF4B-00C04F79EFBC}") = "EmployeeManegement.Presentation", "EmployeeManegement.Presentation\EmployeeManegement.Presentation.csproj", "{19F7AEB9-FA79-4742-840E-D2C5A10CD517}"
EndProject
Project("{FAE04EC0-301F-11D3-BF4B-00C04F79EFBC}") = "EmployeeManegement.Entities", "EmployeeManegement.Entities\EmployeeManegement.Entities.csproj", "{081F5775-375A-48BC-83B1-C1360698B55C}"
EndProject
Project("{FAE04EC0-301F-11D3-BF4B-00C04F79EFBC}") = "EmployeeManegement.Infrastructure", "EmployeeManegement.Infrastructure\EmployeeManegement.Infrastructure.csproj", "{B6E11E24-B1F6-4598-916A-55CB0FE6131C}"
EndProject
Project("{FAE04EC0-301F-11D3-BF4B-00C04F79EFBC}") = "EmployeeManegement.Application", "EmployeeManegement.Application\EmployeeManegement.Application.csproj", "{69BDF64B-C633-42EA-8E68-13052CC6FAE3}"
EndProject
Global
	GlobalSection(SolutionConfigurationPlatforms) = preSolution
		Debug|Any CPU = Debug|Any CPU
		Release|Any CPU = Release|Any CPU
	EndGlobalSection
	GlobalSection(ProjectConfigurationPlatforms) = postSolution
		{19F7AEB9-FA79-4742-840E-D2C5A10CD517}.Debug|Any CPU.ActiveCfg = Debug|Any CPU
		{19F7AEB9-FA79-4742-840E-D2C5A10CD517}.Debug|Any CPU.Build.0 = Debug|Any CPU
		{19F7AEB9-FA79-4742-840E-D2C5A10CD517}.Release|Any CPU.ActiveCfg = Release|Any CPU
		{19F7AEB9-FA79-4742-840E-D2C5A10CD517}.Release|Any CPU.Build.0 = Release|Any CPU
		{081F5775-375A-48BC-83B1-C1360698B55C}.Debug|Any CPU.ActiveCfg = Debug|Any CPU
		{081F5775-375A-48BC-83B1-C1360698B55C}.Debug|Any CPU.Build.0 = Debug|Any CPU
		{081F5775-375A-48BC-83B1-C1360698B55C}.Release|Any CPU.ActiveCfg = Release|Any CPU
		{081F5775-375A-48BC-83B1-C1360698B55C}.Release|Any CPU.Build.0 = Release|Any CPU
		{B6E11E24-B1F6-4598-916A-55CB0FE6131C}.Debug|Any CPU.ActiveCfg = Debug|Any CPU
		{B6E11E24-B1F6-4598-916A-55CB0FE6131C}.Debug|Any CPU.Build.0 = Debug|Any CPU
		{B6E11E24-B1F6-4598-916A-55CB0FE6131C}.Release|Any CPU.ActiveCfg = Release|Any CPU
		{B6E11E24-B1F6-4598-916A-55CB0FE6131C}.Release|Any CPU.Build.0 = Release|Any CPU
		{69BDF64B-C633-42EA-8E68-13052CC6FAE3}.Debug|Any CPU.ActiveCfg = Debug|Any CPU
		{69BDF64B-C633-42EA-8E68-13052CC6FAE3}.Debug|Any CPU.Build.0 = Debug|Any CPU
		{69BDF64B-C633-42EA-8E68-13052CC6FAE3}.Release|Any CPU.ActiveCfg = Release|Any CPU
		{69BDF64B-C633-42EA-8E68-13052CC6FAE3}.Release|Any CPU.Build.0 = Release|Any CPU
	EndGlobalSection
	GlobalSection(SolutionProperties) = preSolution
		HideSolutionNode = FALSE
	EndGlobalSection
	GlobalSection(ExtensibilityGlobals) = postSolution
		SolutionGuid = {33EC7B05-EA6A-4FB0-BA85-2BB4D4602C86}
	EndGlobalSection
EndGlobal
